
Microsoft Visual Studio Solution File, Format Version 12.00
# Visual Studio Version 17
VisualStudioVersion = 17.2.32519.379
MinimumVisualStudioVersion = 10.0.40219.1
Project("{FAE04EC0-301F-11D3-BF4B-00C04F79EFBC}") = "DesignPatternsAlura", "DesignPatternsAlura\DesignPatternsAlura.csproj", "{C7385C1A-504F-4DC5-9B6B-A33F3F64512B}"
EndProject
Global
	GlobalSection(SolutionConfigurationPlatforms) = preSolution
		Debug|Any CPU = Debug|Any CPU
		Release|Any CPU = Release|Any CPU
	EndGlobalSection
	GlobalSection(ProjectConfigurationPlatforms) = postSolution
		{C7385C1A-504F-4DC5-9B6B-A33F3F64512B}.Debug|Any CPU.ActiveCfg = Debug|Any CPU
		{C7385C1A-504F-4DC5-9B6B-A33F3F64512B}.Debug|Any CPU.Build.0 = Debug|Any CPU
		{C7385C1A-504F-4DC5-9B6B-A33F3F64512B}.Release|Any CPU.ActiveCfg = Release|Any CPU
		{C7385C1A-504F-4DC5-9B6B-A33F3F64512B}.Release|Any CPU.Build.0 = Release|Any CPU
	EndGlobalSection
	GlobalSection(SolutionProperties) = preSolution
		HideSolutionNode = FALSE
	EndGlobalSection
	GlobalSection(ExtensibilityGlobals) = postSolution
		SolutionGuid = {0238B3FC-3B60-4E29-92F1-476B0B999041}
	EndGlobalSection
EndGlobal
